
Microsoft Visual Studio Solution File, Format Version 12.00
# Visual Studio Version 17
VisualStudioVersion = 17.0.32002.185
MinimumVisualStudioVersion = 10.0.40219.1
Project("{FAE04EC0-301F-11D3-BF4B-00C04F79EFBC}") = "Lab3_3", "Lab3_3\Lab3_3.csproj", "{AA2F40AB-FE56-40FF-AE46-0FE81B617899}"
EndProject
Global
	GlobalSection(SolutionConfigurationPlatforms) = preSolution
		Debug|Any CPU = Debug|Any CPU
		Release|Any CPU = Release|Any CPU
	EndGlobalSection
	GlobalSection(ProjectConfigurationPlatforms) = postSolution
		{AA2F40AB-FE56-40FF-AE46-0FE81B617899}.Debug|Any CPU.ActiveCfg = Debug|Any CPU
		{AA2F40AB-FE56-40FF-AE46-0FE81B617899}.Debug|Any CPU.Build.0 = Debug|Any CPU
		{AA2F40AB-FE56-40FF-AE46-0FE81B617899}.Release|Any CPU.ActiveCfg = Release|Any CPU
		{AA2F40AB-FE56-40FF-AE46-0FE81B617899}.Release|Any CPU.Build.0 = Release|Any CPU
	EndGlobalSection
	GlobalSection(SolutionProperties) = preSolution
		HideSolutionNode = FALSE
	EndGlobalSection
	GlobalSection(ExtensibilityGlobals) = postSolution
		SolutionGuid = {194BEA58-9B8E-41EB-AD93-4DB3D2CE952D}
	EndGlobalSection
EndGlobal
